
Microsoft Visual Studio Solution File, Format Version 12.00
# Visual Studio Version 17
VisualStudioVersion = 17.0.31903.59
MinimumVisualStudioVersion = 10.0.40219.1
Project("{FAE04EC0-301F-11D3-BF4B-00C04F79EFBC}") = "Developer", "Developer\Developer.csproj", "{A3333A66-0FDA-4131-A323-F89EED6114AD}"
EndProject
Project("{FAE04EC0-301F-11D3-BF4B-00C04F79EFBC}") = "DevTeam", "DevTeam\DevTeam.csproj", "{9A70621F-C5EC-46DA-A1F5-4DC9DE81A2B9}"
EndProject
Project("{FAE04EC0-301F-11D3-BF4B-00C04F79EFBC}") = "Program", "ProgramUI\Program.csproj", "{4366B252-7B4C-4550-A71B-831C26D78D09}"
EndProject
Global
	GlobalSection(SolutionConfigurationPlatforms) = preSolution
		Debug|Any CPU = Debug|Any CPU
		Release|Any CPU = Release|Any CPU
	EndGlobalSection
	GlobalSection(SolutionProperties) = preSolution
		HideSolutionNode = FALSE
	EndGlobalSection
	GlobalSection(ProjectConfigurationPlatforms) = postSolution
		{A3333A66-0FDA-4131-A323-F89EED6114AD}.Debug|Any CPU.ActiveCfg = Debug|Any CPU
		{A3333A66-0FDA-4131-A323-F89EED6114AD}.Debug|Any CPU.Build.0 = Debug|Any CPU
		{A3333A66-0FDA-4131-A323-F89EED6114AD}.Release|Any CPU.ActiveCfg = Release|Any CPU
		{A3333A66-0FDA-4131-A323-F89EED6114AD}.Release|Any CPU.Build.0 = Release|Any CPU
		{9A70621F-C5EC-46DA-A1F5-4DC9DE81A2B9}.Debug|Any CPU.ActiveCfg = Debug|Any CPU
		{9A70621F-C5EC-46DA-A1F5-4DC9DE81A2B9}.Debug|Any CPU.Build.0 = Debug|Any CPU
		{9A70621F-C5EC-46DA-A1F5-4DC9DE81A2B9}.Release|Any CPU.ActiveCfg = Release|Any CPU
		{9A70621F-C5EC-46DA-A1F5-4DC9DE81A2B9}.Release|Any CPU.Build.0 = Release|Any CPU
		{4366B252-7B4C-4550-A71B-831C26D78D09}.Debug|Any CPU.ActiveCfg = Debug|Any CPU
		{4366B252-7B4C-4550-A71B-831C26D78D09}.Debug|Any CPU.Build.0 = Debug|Any CPU
		{4366B252-7B4C-4550-A71B-831C26D78D09}.Release|Any CPU.ActiveCfg = Release|Any CPU
		{4366B252-7B4C-4550-A71B-831C26D78D09}.Release|Any CPU.Build.0 = Release|Any CPU
	EndGlobalSection
EndGlobal
